
Microsoft Visual Studio Solution File, Format Version 12.00
# Visual Studio Version 16
VisualStudioVersion = 16.0.29609.76
MinimumVisualStudioVersion = 10.0.40219.1
Project("{FAE04EC0-301F-11D3-BF4B-00C04F79EFBC}") = "HtmlToImage.API", "HtmlToImage.API\HtmlToImage.API.csproj", "{D620C9BF-4FFB-42E5-9788-3B8FEA652852}"
EndProject
Global
	GlobalSection(SolutionConfigurationPlatforms) = preSolution
		Debug|Any CPU = Debug|Any CPU
		Release|Any CPU = Release|Any CPU
	EndGlobalSection
	GlobalSection(ProjectConfigurationPlatforms) = postSolution
		{D620C9BF-4FFB-42E5-9788-3B8FEA652852}.Debug|Any CPU.ActiveCfg = Debug|Any CPU
		{D620C9BF-4FFB-42E5-9788-3B8FEA652852}.Debug|Any CPU.Build.0 = Debug|Any CPU
		{D620C9BF-4FFB-42E5-9788-3B8FEA652852}.Release|Any CPU.ActiveCfg = Release|Any CPU
		{D620C9BF-4FFB-42E5-9788-3B8FEA652852}.Release|Any CPU.Build.0 = Release|Any CPU
	EndGlobalSection
	GlobalSection(SolutionProperties) = preSolution
		HideSolutionNode = FALSE
	EndGlobalSection
	GlobalSection(ExtensibilityGlobals) = postSolution
		SolutionGuid = {C40F1A98-B073-4CFF-919A-28C2372CF0C9}
	EndGlobalSection
EndGlobal
